// !$*UTF8*$!
{
	archiveVersion = 1;
	classes = {
	};
	objectVersion = 46;
	objects = {

/* Begin PBXBuildFile section */
		1F73C3E8883771B5D9BB46A2 /* Pods_FindFans.framework in Frameworks */ = {isa = PBXBuildFile; fileRef = 244ECEE0B789BCBDE949C4CC /* Pods_FindFans.framework */; };
		2E7D5C4AF50EFF6BFFEFD9CB /* Pods_FindFansTests.framework in Frameworks */ = {isa = PBXBuildFile; fileRef = 53D0A1C4014BEC04E72779EC /* Pods_FindFansTests.framework */; };
		9D027F791D2F095E0032748B /* AppDelegate.swift in Sources */ = {isa = PBXBuildFile; fileRef = 9D027F781D2F095E0032748B /* AppDelegate.swift */; };
		9D027F7E1D2F095E0032748B /* Main.storyboard in Resources */ = {isa = PBXBuildFile; fileRef = 9D027F7C1D2F095E0032748B /* Main.storyboard */; };
		9D027F801D2F095E0032748B /* Assets.xcassets in Resources */ = {isa = PBXBuildFile; fileRef = 9D027F7F1D2F095E0032748B /* Assets.xcassets */; };
		9D027F831D2F095E0032748B /* LaunchScreen.storyboard in Resources */ = {isa = PBXBuildFile; fileRef = 9D027F811D2F095E0032748B /* LaunchScreen.storyboard */; };
		9D027F8E1D2F095E0032748B /* FindFansTests.swift in Sources */ = {isa = PBXBuildFile; fileRef = 9D027F8D1D2F095E0032748B /* FindFansTests.swift */; };
		9D027F991D2F095E0032748B /* FindFansUITests.swift in Sources */ = {isa = PBXBuildFile; fileRef = 9D027F981D2F095E0032748B /* FindFansUITests.swift */; };
		9D027FA71D2F0AC60032748B /* HomeViewController.swift in Sources */ = {isa = PBXBuildFile; fileRef = 9D027FA61D2F0AC60032748B /* HomeViewController.swift */; };
		9D027FA91D2F0AE40032748B /* LogInViewController.swift in Sources */ = {isa = PBXBuildFile; fileRef = 9D027FA81D2F0AE40032748B /* LogInViewController.swift */; };
		9D027FAB1D2F0B030032748B /* ParseLogInHelper.swift in Sources */ = {isa = PBXBuildFile; fileRef = 9D027FAA1D2F0B030032748B /* ParseLogInHelper.swift */; };
		9D027FAD1D2F0B1A0032748B /* ResetPasswordViewController.swift in Sources */ = {isa = PBXBuildFile; fileRef = 9D027FAC1D2F0B1A0032748B /* ResetPasswordViewController.swift */; };
		9D027FAF1D2F0B4A0032748B /* SignUpViewController.swift in Sources */ = {isa = PBXBuildFile; fileRef = 9D027FAE1D2F0B4A0032748B /* SignUpViewController.swift */; };
		B4420957E0C3CDEA2CBD65AF /* Pods_FindFansUITests.framework in Frameworks */ = {isa = PBXBuildFile; fileRef = FF5124AB16369934013B7C68 /* Pods_FindFansUITests.framework */; };
/* End PBXBuildFile section */

/* Begin PBXContainerItemProxy section */
		9D027F8A1D2F095E0032748B /* PBXContainerItemProxy */ = {
			isa = PBXContainerItemProxy;
			containerPortal = 9D027F6D1D2F095D0032748B /* Project object */;
			proxyType = 1;
			remoteGlobalIDString = 9D027F741D2F095D0032748B;
			remoteInfo = FindFans;
		};
		9D027F951D2F095E0032748B /* PBXContainerItemProxy */ = {
			isa = PBXContainerItemProxy;
			containerPortal = 9D027F6D1D2F095D0032748B /* Project object */;
			proxyType = 1;
			remoteGlobalIDString = 9D027F741D2F095D0032748B;
			remoteInfo = FindFans;
		};
/* End PBXContainerItemProxy section */

/* Begin PBXFileReference section */
		244ECEE0B789BCBDE949C4CC /* Pods_FindFans.framework */ = {isa = PBXFileReference; explicitFileType = wrapper.framework; includeInIndex = 0; path = Pods_FindFans.framework; sourceTree = BUILT_PRODUCTS_DIR; };
		3F01842EF358B0E725427585 /* Pods-FindFansTests.release.xcconfig */ = {isa = PBXFileReference; includeInIndex = 1; lastKnownFileType = text.xcconfig; name = "Pods-FindFansTests.release.xcconfig"; path = "Pods/Target Support Files/Pods-FindFansTests/Pods-FindFansTests.release.xcconfig"; sourceTree = "<group>"; };
		4CC82D6F8B7168E8F7560D1D /* Pods-FindFansTests.debug.xcconfig */ = {isa = PBXFileReference; includeInIndex = 1; lastKnownFileType = text.xcconfig; name = "Pods-FindFansTests.debug.xcconfig"; path = "Pods/Target Support Files/Pods-FindFansTests/Pods-FindFansTests.debug.xcconfig"; sourceTree = "<group>"; };
		53D0A1C4014BEC04E72779EC /* Pods_FindFansTests.framework */ = {isa = PBXFileReference; explicitFileType = wrapper.framework; includeInIndex = 0; path = Pods_FindFansTests.framework; sourceTree = BUILT_PRODUCTS_DIR; };
		5975EC5A562D7B271CEDFC6E /* Pods-FindFansUITests.debug.xcconfig */ = {isa = PBXFileReference; includeInIndex = 1; lastKnownFileType = text.xcconfig; name = "Pods-FindFansUITests.debug.xcconfig"; path = "Pods/Target Support Files/Pods-FindFansUITests/Pods-FindFansUITests.debug.xcconfig"; sourceTree = "<group>"; };
		67EDD641D8875B1B404F3EAC /* Pods-FindFansUITests.release.xcconfig */ = {isa = PBXFileReference; includeInIndex = 1; lastKnownFileType = text.xcconfig; name = "Pods-FindFansUITests.release.xcconfig"; path = "Pods/Target Support Files/Pods-FindFansUITests/Pods-FindFansUITests.release.xcconfig"; sourceTree = "<group>"; };
		9D027F751D2F095D0032748B /* FindFans.app */ = {isa = PBXFileReference; explicitFileType = wrapper.application; includeInIndex = 0; path = FindFans.app; sourceTree = BUILT_PRODUCTS_DIR; };
		9D027F781D2F095E0032748B /* AppDelegate.swift */ = {isa = PBXFileReference; lastKnownFileType = sourcecode.swift; path = AppDelegate.swift; sourceTree = "<group>"; };
		9D027F7D1D2F095E0032748B /* Base */ = {isa = PBXFileReference; lastKnownFileType = file.storyboard; name = Base; path = Base.lproj/Main.storyboard; sourceTree = "<group>"; };
		9D027F7F1D2F095E0032748B /* Assets.xcassets */ = {isa = PBXFileReference; lastKnownFileType = folder.assetcatalog; path = Assets.xcassets; sourceTree = "<group>"; };
		9D027F821D2F095E0032748B /* Base */ = {isa = PBXFileReference; lastKnownFileType = file.storyboard; name = Base; path = Base.lproj/LaunchScreen.storyboard; sourceTree = "<group>"; };
		9D027F841D2F095E0032748B /* Info.plist */ = {isa = PBXFileReference; lastKnownFileType = text.plist.xml; path = Info.plist; sourceTree = "<group>"; };
		9D027F891D2F095E0032748B /* FindFansTests.xctest */ = {isa = PBXFileReference; explicitFileType = wrapper.cfbundle; includeInIndex = 0; path = FindFansTests.xctest; sourceTree = BUILT_PRODUCTS_DIR; };
		9D027F8D1D2F095E0032748B /* FindFansTests.swift */ = {isa = PBXFileReference; lastKnownFileType = sourcecode.swift; path = FindFansTests.swift; sourceTree = "<group>"; };
		9D027F8F1D2F095E0032748B /* Info.plist */ = {isa = PBXFileReference; lastKnownFileType = text.plist.xml; path = Info.plist; sourceTree = "<group>"; };
		9D027F941D2F095E0032748B /* FindFansUITests.xctest */ = {isa = PBXFileReference; explicitFileType = wrapper.cfbundle; includeInIndex = 0; path = FindFansUITests.xctest; sourceTree = BUILT_PRODUCTS_DIR; };
		9D027F981D2F095E0032748B /* FindFansUITests.swift */ = {isa = PBXFileReference; lastKnownFileType = sourcecode.swift; path = FindFansUITests.swift; sourceTree = "<group>"; };
		9D027F9A1D2F095E0032748B /* Info.plist */ = {isa = PBXFileReference; lastKnownFileType = text.plist.xml; path = Info.plist; sourceTree = "<group>"; };
		9D027FA61D2F0AC60032748B /* HomeViewController.swift */ = {isa = PBXFileReference; fileEncoding = 4; lastKnownFileType = sourcecode.swift; path = HomeViewController.swift; sourceTree = "<group>"; };
		9D027FA81D2F0AE40032748B /* LogInViewController.swift */ = {isa = PBXFileReference; fileEncoding = 4; lastKnownFileType = sourcecode.swift; path = LogInViewController.swift; sourceTree = "<group>"; };
		9D027FAA1D2F0B030032748B /* ParseLogInHelper.swift */ = {isa = PBXFileReference; fileEncoding = 4; lastKnownFileType = sourcecode.swift; path = ParseLogInHelper.swift; sourceTree = "<group>"; };
		9D027FAC1D2F0B1A0032748B /* ResetPasswordViewController.swift */ = {isa = PBXFileReference; fileEncoding = 4; lastKnownFileType = sourcecode.swift; path = ResetPasswordViewController.swift; sourceTree = "<group>"; };
		9D027FAE1D2F0B4A0032748B /* SignUpViewController.swift */ = {isa = PBXFileReference; fileEncoding = 4; lastKnownFileType = sourcecode.swift; path = SignUpViewController.swift; sourceTree = "<group>"; };
		AD6F0464CC7BDFBC6F4F9D06 /* Pods-FindFans.debug.xcconfig */ = {isa = PBXFileReference; includeInIndex = 1; lastKnownFileType = text.xcconfig; name = "Pods-FindFans.debug.xcconfig"; path = "Pods/Target Support Files/Pods-FindFans/Pods-FindFans.debug.xcconfig"; sourceTree = "<group>"; };
		E1A5D37C5A1E43C36EE0B0D5 /* Pods-FindFans.release.xcconfig */ = {isa = PBXFileReference; includeInIndex = 1; lastKnownFileType = text.xcconfig; name = "Pods-FindFans.release.xcconfig"; path = "Pods/Target Support Files/Pods-FindFans/Pods-FindFans.release.xcconfig"; sourceTree = "<group>"; };
		FF5124AB16369934013B7C68 /* Pods_FindFansUITests.framework */ = {isa = PBXFileReference; explicitFileType = wrapper.framework; includeInIndex = 0; path = Pods_FindFansUITests.framework; sourceTree = BUILT_PRODUCTS_DIR; };
/* End PBXFileReference section */

/* Begin PBXFrameworksBuildPhase section */
		9D027F721D2F095D0032748B /* Frameworks */ = {
			isa = PBXFrameworksBuildPhase;
			buildActionMask = 2147483647;
			files = (
				1F73C3E8883771B5D9BB46A2 /* Pods_FindFans.framework in Frameworks */,
			);
			runOnlyForDeploymentPostprocessing = 0;
		};
		9D027F861D2F095E0032748B /* Frameworks */ = {
			isa = PBXFrameworksBuildPhase;
			buildActionMask = 2147483647;
			files = (
				2E7D5C4AF50EFF6BFFEFD9CB /* Pods_FindFansTests.framework in Frameworks */,
			);
			runOnlyForDeploymentPostprocessing = 0;
		};
		9D027F911D2F095E0032748B /* Frameworks */ = {
			isa = PBXFrameworksBuildPhase;
			buildActionMask = 2147483647;
			files = (
				B4420957E0C3CDEA2CBD65AF /* Pods_FindFansUITests.framework in Frameworks */,
			);
			runOnlyForDeploymentPostprocessing = 0;
		};
/* End PBXFrameworksBuildPhase section */

/* Begin PBXGroup section */
		2A48DE76CBC36E0A3999EDFF /* Pods */ = {
			isa = PBXGroup;
			children = (
				AD6F0464CC7BDFBC6F4F9D06 /* Pods-FindFans.debug.xcconfig */,
				E1A5D37C5A1E43C36EE0B0D5 /* Pods-FindFans.release.xcconfig */,
				4CC82D6F8B7168E8F7560D1D /* Pods-FindFansTests.debug.xcconfig */,
				3F01842EF358B0E725427585 /* Pods-FindFansTests.release.xcconfig */,
				5975EC5A562D7B271CEDFC6E /* Pods-FindFansUITests.debug.xcconfig */,
				67EDD641D8875B1B404F3EAC /* Pods-FindFansUITests.release.xcconfig */,
			);
			name = Pods;
			sourceTree = "<group>";
		};
		3D4250DB84DBC2DA27D6D9B9 /* Frameworks */ = {
			isa = PBXGroup;
			children = (
				244ECEE0B789BCBDE949C4CC /* Pods_FindFans.framework */,
				53D0A1C4014BEC04E72779EC /* Pods_FindFansTests.framework */,
				FF5124AB16369934013B7C68 /* Pods_FindFansUITests.framework */,
			);
			name = Frameworks;
			sourceTree = "<group>";
		};
		9D027F6C1D2F095D0032748B = {
			isa = PBXGroup;
			children = (
				9D027F771D2F095E0032748B /* FindFans */,
				9D027F8C1D2F095E0032748B /* FindFansTests */,
				9D027F971D2F095E0032748B /* FindFansUITests */,
				9D027F761D2F095D0032748B /* Products */,
				2A48DE76CBC36E0A3999EDFF /* Pods */,
				3D4250DB84DBC2DA27D6D9B9 /* Frameworks */,
			);
			sourceTree = "<group>";
		};
		9D027F761D2F095D0032748B /* Products */ = {
			isa = PBXGroup;
			children = (
				9D027F751D2F095D0032748B /* FindFans.app */,
				9D027F891D2F095E0032748B /* FindFansTests.xctest */,
				9D027F941D2F095E0032748B /* FindFansUITests.xctest */,
			);
			name = Products;
			sourceTree = "<group>";
		};
		9D027F771D2F095E0032748B /* FindFans */ = {
			isa = PBXGroup;
			children = (
				9D027F781D2F095E0032748B /* AppDelegate.swift */,
				9D027FAC1D2F0B1A0032748B /* ResetPasswordViewController.swift */,
				9D027FA61D2F0AC60032748B /* HomeViewController.swift */,
				9D027FAE1D2F0B4A0032748B /* SignUpViewController.swift */,
				9D027FA81D2F0AE40032748B /* LogInViewController.swift */,
				9D027FAA1D2F0B030032748B /* ParseLogInHelper.swift */,
				9D027F7C1D2F095E0032748B /* Main.storyboard */,
				9D027F7F1D2F095E0032748B /* Assets.xcassets */,
				9D027F811D2F095E0032748B /* LaunchScreen.storyboard */,
				9D027F841D2F095E0032748B /* Info.plist */,
			);
			path = FindFans;
			sourceTree = "<group>";
		};
		9D027F8C1D2F095E0032748B /* FindFansTests */ = {
			isa = PBXGroup;
			children = (
				9D027F8D1D2F095E0032748B /* FindFansTests.swift */,
				9D027F8F1D2F095E0032748B /* Info.plist */,
			);
			path = FindFansTests;
			sourceTree = "<group>";
		};
		9D027F971D2F095E0032748B /* FindFansUITests */ = {
			isa = PBXGroup;
			children = (
				9D027F981D2F095E0032748B /* FindFansUITests.swift */,
				9D027F9A1D2F095E0032748B /* Info.plist */,
			);
			path = FindFansUITests;
			sourceTree = "<group>";
		};
/* End PBXGroup section */

/* Begin PBXNativeTarget section */
		9D027F741D2F095D0032748B /* FindFans */ = {
			isa = PBXNativeTarget;
			buildConfigurationList = 9D027F9D1D2F095E0032748B /* Build configuration list for PBXNativeTarget "FindFans" */;
			buildPhases = (
				CF7B27D515B6DF97764ECBB5 /* [CP] Check Pods Manifest.lock */,
				9D027F711D2F095D0032748B /* Sources */,
				9D027F721D2F095D0032748B /* Frameworks */,
				9D027F731D2F095D0032748B /* Resources */,
				CF76DD6306948CC2DA021E2C /* [CP] Embed Pods Frameworks */,
				4EE294A9E6DED2AE563AA436 /* [CP] Copy Pods Resources */,
			);
			buildRules = (
			);
			dependencies = (
			);
			name = FindFans;
			productName = FindFans;
			productReference = 9D027F751D2F095D0032748B /* FindFans.app */;
			productType = "com.apple.product-type.application";
		};
		9D027F881D2F095E0032748B /* FindFansTests */ = {
			isa = PBXNativeTarget;
			buildConfigurationList = 9D027FA01D2F095E0032748B /* Build configuration list for PBXNativeTarget "FindFansTests" */;
			buildPhases = (
				067E3D31BB577190D8227BF7 /* [CP] Check Pods Manifest.lock */,
				9D027F851D2F095E0032748B /* Sources */,
				9D027F861D2F095E0032748B /* Frameworks */,
				9D027F871D2F095E0032748B /* Resources */,
				BE9139EFF122D5B2DA146C86 /* [CP] Embed Pods Frameworks */,
				D06230EB6ED5533B56B48C82 /* [CP] Copy Pods Resources */,
			);
			buildRules = (
			);
			dependencies = (
				9D027F8B1D2F095E0032748B /* PBXTargetDependency */,
			);
			name = FindFansTests;
			productName = FindFansTests;
			productReference = 9D027F891D2F095E0032748B /* FindFansTests.xctest */;
			productType = "com.apple.product-type.bundle.unit-test";
		};
		9D027F931D2F095E0032748B /* FindFansUITests */ = {
			isa = PBXNativeTarget;
			buildConfigurationList = 9D027FA31D2F095E0032748B /* Build configuration list for PBXNativeTarget "FindFansUITests" */;
			buildPhases = (
				C84C16DE30371172A7FFB182 /* [CP] Check Pods Manifest.lock */,
				9D027F901D2F095E0032748B /* Sources */,
				9D027F911D2F095E0032748B /* Frameworks */,
				9D027F921D2F095E0032748B /* Resources */,
				B62D17D608F20B1507F780D5 /* [CP] Copy Pods Resources */,
			);
			buildRules = (
			);
			dependencies = (
				9D027F961D2F095E0032748B /* PBXTargetDependency */,
			);
			name = FindFansUITests;
			productName = FindFansUITests;
			productReference = 9D027F941D2F095E0032748B /* FindFansUITests.xctest */;
			productType = "com.apple.product-type.bundle.ui-testing";
		};
/* End PBXNativeTarget section */

/* Begin PBXProject section */
		9D027F6D1D2F095D0032748B /* Project object */ = {
			isa = PBXProject;
			attributes = {
				LastSwiftUpdateCheck = 0730;
				LastUpgradeCheck = 0730;
				ORGANIZATIONNAME = "Alexandra Kaplan";
				TargetAttributes = {
					9D027F741D2F095D0032748B = {
						CreatedOnToolsVersion = 7.3.1;
					};
					9D027F881D2F095E0032748B = {
						CreatedOnToolsVersion = 7.3.1;
						TestTargetID = 9D027F741D2F095D0032748B;
					};
					9D027F931D2F095E0032748B = {
						CreatedOnToolsVersion = 7.3.1;
						TestTargetID = 9D027F741D2F095D0032748B;
					};
				};
			};
			buildConfigurationList = 9D027F701D2F095D0032748B /* Build configuration list for PBXProject "FindFans" */;
			compatibilityVersion = "Xcode 3.2";
			developmentRegion = English;
			hasScannedForEncodings = 0;
			knownRegions = (
				en,
				Base,
			);
			mainGroup = 9D027F6C1D2F095D0032748B;
			productRefGroup = 9D027F761D2F095D0032748B /* Products */;
			projectDirPath = "";
			projectRoot = "";
			targets = (
				9D027F741D2F095D0032748B /* FindFans */,
				9D027F881D2F095E0032748B /* FindFansTests */,
				9D027F931D2F095E0032748B /* FindFansUITests */,
			);
		};
/* End PBXProject section */

/* Begin PBXResourcesBuildPhase section */
		9D027F731D2F095D0032748B /* Resources */ = {
			isa = PBXResourcesBuildPhase;
			buildActionMask = 2147483647;
			files = (
				9D027F831D2F095E0032748B /* LaunchScreen.storyboard in Resources */,
				9D027F801D2F095E0032748B /* Assets.xcassets in Resources */,
				9D027F7E1D2F095E0032748B /* Main.storyboard in Resources */,
			);
			runOnlyForDeploymentPostprocessing = 0;
		};
		9D027F871D2F095E0032748B /* Resources */ = {
			isa = PBXResourcesBuildPhase;
			buildActionMask = 2147483647;
			files = (
			);
			runOnlyForDeploymentPostprocessing = 0;
		};
		9D027F921D2F095E0032748B /* Resources */ = {
			isa = PBXResourcesBuildPhase;
			buildActionMask = 2147483647;
			files = (
			);
			runOnlyForDeploymentPostprocessing = 0;
		};
/* End PBXResourcesBuildPhase section */

/* Begin PBXShellScriptBuildPhase section */
		067E3D31BB577190D8227BF7 /* [CP] Check Pods Manifest.lock */ = {
			isa = PBXShellScriptBuildPhase;
			buildActionMask = 2147483647;
			files = (
			);
			inputPaths = (
			);
			name = "[CP] Check Pods Manifest.lock";
			outputPaths = (
			);
			runOnlyForDeploymentPostprocessing = 0;
			shellPath = /bin/sh;
			shellScript = "diff \"${PODS_ROOT}/../Podfile.lock\" \"${PODS_ROOT}/Manifest.lock\" > /dev/null\nif [[ $? != 0 ]] ; then\n    cat << EOM\nerror: The sandbox is not in sync with the Podfile.lock. Run 'pod install' or update your CocoaPods installation.\nEOM\n    exit 1\nfi\n";
			showEnvVarsInLog = 0;
		};
		4EE294A9E6DED2AE563AA436 /* [CP] Copy Pods Resources */ = {
			isa = PBXShellScriptBuildPhase;
			buildActionMask = 2147483647;
			files = (
			);
			inputPaths = (
			);
			name = "[CP] Copy Pods Resources";
			outputPaths = (
			);
			runOnlyForDeploymentPostprocessing = 0;
			shellPath = /bin/sh;
			shellScript = "\"${SRCROOT}/Pods/Target Support Files/Pods-FindFans/Pods-FindFans-resources.sh\"\n";
			showEnvVarsInLog = 0;
		};
		B62D17D608F20B1507F780D5 /* [CP] Copy Pods Resources */ = {
			isa = PBXShellScriptBuildPhase;
			buildActionMask = 2147483647;
			files = (
			);
			inputPaths = (
			);
			name = "[CP] Copy Pods Resources";
			outputPaths = (
			);
			runOnlyForDeploymentPostprocessing = 0;
			shellPath = /bin/sh;
			shellScript = "\"${SRCROOT}/Pods/Target Support Files/Pods-FindFansUITests/Pods-FindFansUITests-resources.sh\"\n";
			showEnvVarsInLog = 0;
		};
		BE9139EFF122D5B2DA146C86 /* [CP] Embed Pods Frameworks */ = {
			isa = PBXShellScriptBuildPhase;
			buildActionMask = 2147483647;
			files = (
			);
			inputPaths = (
			);
			name = "[CP] Embed Pods Frameworks";
			outputPaths = (
			);
			runOnlyForDeploymentPostprocessing = 0;
			shellPath = /bin/sh;
			shellScript = "\"${SRCROOT}/Pods/Target Support Files/Pods-FindFansTests/Pods-FindFansTests-frameworks.sh\"\n";
			showEnvVarsInLog = 0;
		};
		C84C16DE30371172A7FFB182 /* [CP] Check Pods Manifest.lock */ = {
			isa = PBXShellScriptBuildPhase;
			buildActionMask = 2147483647;
			files = (
			);
			inputPaths = (
			);
			name = "[CP] Check Pods Manifest.lock";
			outputPaths = (
			);
			runOnlyForDeploymentPostprocessing = 0;
			shellPath = /bin/sh;
			shellScript = "diff \"${PODS_ROOT}/../Podfile.lock\" \"${PODS_ROOT}/Manifest.lock\" > /dev/null\nif [[ $? != 0 ]] ; then\n    cat << EOM\nerror: The sandbox is not in sync with the Podfile.lock. Run 'pod install' or update your CocoaPods installation.\nEOM\n    exit 1\nfi\n";
			showEnvVarsInLog = 0;
		};
		CF76DD6306948CC2DA021E2C /* [CP] Embed Pods Frameworks */ = {
			isa = PBXShellScriptBuildPhase;
			buildActionMask = 2147483647;
			files = (
			);
			inputPaths = (
			);
			name = "[CP] Embed Pods Frameworks";
			outputPaths = (
			);
			runOnlyForDeploymentPostprocessing = 0;
			shellPath = /bin/sh;
			shellScript = "\"${SRCROOT}/Pods/Target Support Files/Pods-FindFans/Pods-FindFans-frameworks.sh\"\n";
			showEnvVarsInLog = 0;
		};
		CF7B27D515B6DF97764ECBB5 /* [CP] Check Pods Manifest.lock */ = {
			isa = PBXShellScriptBuildPhase;
			buildActionMask = 2147483647;
			files = (
			);
			inputPaths = (
			);
			name = "[CP] Check Pods Manifest.lock";
			outputPaths = (
			);
			runOnlyForDeploymentPostprocessing = 0;
			shellPath = /bin/sh;
			shellScript = "diff \"${PODS_ROOT}/../Podfile.lock\" \"${PODS_ROOT}/Manifest.lock\" > /dev/null\nif [[ $? != 0 ]] ; then\n    cat << EOM\nerror: The sandbox is not in sync with the Podfile.lock. Run 'pod install' or update your CocoaPods installation.\nEOM\n    exit 1\nfi\n";
			showEnvVarsInLog = 0;
		};
		D06230EB6ED5533B56B48C82 /* [CP] Copy Pods Resources */ = {
			isa = PBXShellScriptBuildPhase;
			buildActionMask = 2147483647;
			files = (
			);
			inputPaths = (
			);
			name = "[CP] Copy Pods Resources";
			outputPaths = (
			);
			runOnlyForDeploymentPostprocessing = 0;
			shellPath = /bin/sh;
			shellScript = "\"${SRCROOT}/Pods/Target Support Files/Pods-FindFansTests/Pods-FindFansTests-resources.sh\"\n";
			showEnvVarsInLog = 0;
		};
/* End PBXShellScriptBuildPhase section */

/* Begin PBXSourcesBuildPhase section */
		9D027F711D2F095D0032748B /* Sources */ = {
			isa = PBXSourcesBuildPhase;
			buildActionMask = 2147483647;
			files = (
				9D027FAB1D2F0B030032748B /* ParseLogInHelper.swift in Sources */,
				9D027FAF1D2F0B4A0032748B /* SignUpViewController.swift in Sources */,
				9D027FA91D2F0AE40032748B /* LogInViewController.swift in Sources */,
				9D027FAD1D2F0B1A0032748B /* ResetPasswordViewController.swift in Sources */,
				9D027F791D2F095E0032748B /* AppDelegate.swift in Sources */,
				9D027FA71D2F0AC60032748B /* HomeViewController.swift in Sources */,
			);
			runOnlyForDeploymentPostprocessing = 0;
		};
		9D027F851D2F095E0032748B /* Sources */ = {
			isa = PBXSourcesBuildPhase;
			buildActionMask = 2147483647;
			files = (
				9D027F8E1D2F095E0032748B /* FindFansTests.swift in Sources */,
			);
			runOnlyForDeploymentPostprocessing = 0;
		};
		9D027F901D2F095E0032748B /* Sources */ = {
			isa = PBXSourcesBuildPhase;
			buildActionMask = 2147483647;
			files = (
				9D027F991D2F095E0032748B /* FindFansUITests.swift in Sources */,
			);
			runOnlyForDeploymentPostprocessing = 0;
		};
/* End PBXSourcesBuildPhase section */

/* Begin PBXTargetDependency section */
		9D027F8B1D2F095E0032748B /* PBXTargetDependency */ = {
			isa = PBXTargetDependency;
			target = 9D027F741D2F095D0032748B /* FindFans */;
			targetProxy = 9D027F8A1D2F095E0032748B /* PBXContainerItemProxy */;
		};
		9D027F961D2F095E0032748B /* PBXTargetDependency */ = {
			isa = PBXTargetDependency;
			target = 9D027F741D2F095D0032748B /* FindFans */;
			targetProxy = 9D027F951D2F095E0032748B /* PBXContainerItemProxy */;
		};
/* End PBXTargetDependency section */

/* Begin PBXVariantGroup section */
		9D027F7C1D2F095E0032748B /* Main.storyboard */ = {
			isa = PBXVariantGroup;
			children = (
				9D027F7D1D2F095E0032748B /* Base */,
			);
			name = Main.storyboard;
			sourceTree = "<group>";
		};
		9D027F811D2F095E0032748B /* LaunchScreen.storyboard */ = {
			isa = PBXVariantGroup;
			children = (
				9D027F821D2F095E0032748B /* Base */,
			);
			name = LaunchScreen.storyboard;
			sourceTree = "<group>";
		};
/* End PBXVariantGroup section */

/* Begin XCBuildConfiguration section */
		9D027F9B1D2F095E0032748B /* Debug */ = {
			isa = XCBuildConfiguration;
			buildSettings = {
				ALWAYS_SEARCH_USER_PATHS = NO;
				CLANG_ANALYZER_NONNULL = YES;
				CLANG_CXX_LANGUAGE_STANDARD = "gnu++0x";
				CLANG_CXX_LIBRARY = "libc++";
				CLANG_ENABLE_MODULES = YES;
				CLANG_ENABLE_OBJC_ARC = YES;
				CLANG_WARN_BOOL_CONVERSION = YES;
				CLANG_WARN_CONSTANT_CONVERSION = YES;
				CLANG_WARN_DIRECT_OBJC_ISA_USAGE = YES_ERROR;
				CLANG_WARN_EMPTY_BODY = YES;
				CLANG_WARN_ENUM_CONVERSION = YES;
				CLANG_WARN_INT_CONVERSION = YES;
				CLANG_WARN_OBJC_ROOT_CLASS = YES_ERROR;
				CLANG_WARN_UNREACHABLE_CODE = YES;
				CLANG_WARN__DUPLICATE_METHOD_MATCH = YES;
				"CODE_SIGN_IDENTITY[sdk=iphoneos*]" = "iPhone Developer";
				COPY_PHASE_STRIP = NO;
				DEBUG_INFORMATION_FORMAT = dwarf;
				ENABLE_STRICT_OBJC_MSGSEND = YES;
				ENABLE_TESTABILITY = YES;
				GCC_C_LANGUAGE_STANDARD = gnu99;
				GCC_DYNAMIC_NO_PIC = NO;
				GCC_NO_COMMON_BLOCKS = YES;
				GCC_OPTIMIZATION_LEVEL = 0;
				GCC_PREPROCESSOR_DEFINITIONS = (
					"DEBUG=1",
					"$(inherited)",
				);
				GCC_WARN_64_TO_32_BIT_CONVERSION = YES;
				GCC_WARN_ABOUT_RETURN_TYPE = YES_ERROR;
				GCC_WARN_UNDECLARED_SELECTOR = YES;
				GCC_WARN_UNINITIALIZED_AUTOS = YES_AGGRESSIVE;
				GCC_WARN_UNUSED_FUNCTION = YES;
				GCC_WARN_UNUSED_VARIABLE = YES;
				IPHONEOS_DEPLOYMENT_TARGET = 9.3;
				MTL_ENABLE_DEBUG_INFO = YES;
				ONLY_ACTIVE_ARCH = YES;
				SDKROOT = iphoneos;
				SWIFT_OPTIMIZATION_LEVEL = "-Onone";
				TARGETED_DEVICE_FAMILY = "1,2";
			};
			name = Debug;
		};
		9D027F9C1D2F095E0032748B /* Release */ = {
			isa = XCBuildConfiguration;
			buildSettings = {
				ALWAYS_SEARCH_USER_PATHS = NO;
				CLANG_ANALYZER_NONNULL = YES;
				CLANG_CXX_LANGUAGE_STANDARD = "gnu++0x";
				CLANG_CXX_LIBRARY = "libc++";
				CLANG_ENABLE_MODULES = YES;
				CLANG_ENABLE_OBJC_ARC = YES;
				CLANG_WARN_BOOL_CONVERSION = YES;
				CLANG_WARN_CONSTANT_CONVERSION = YES;
				CLANG_WARN_DIRECT_OBJC_ISA_USAGE = YES_ERROR;
				CLANG_WARN_EMPTY_BODY = YES;
				CLANG_WARN_ENUM_CONVERSION = YES;
				CLANG_WARN_INT_CONVERSION = YES;
				CLANG_WARN_OBJC_ROOT_CLASS = YES_ERROR;
				CLANG_WARN_UNREACHABLE_CODE = YES;
				CLANG_WARN__DUPLICATE_METHOD_MATCH = YES;
				"CODE_SIGN_IDENTITY[sdk=iphoneos*]" = "iPhone Developer";
				COPY_PHASE_STRIP = NO;
				DEBUG_INFORMATION_FORMAT = "dwarf-with-dsym";
				ENABLE_NS_ASSERTIONS = NO;
				ENABLE_STRICT_OBJC_MSGSEND = YES;
				GCC_C_LANGUAGE_STANDARD = gnu99;
				GCC_NO_COMMON_BLOCKS = YES;
				GCC_WARN_64_TO_32_BIT_CONVERSION = YES;
				GCC_WARN_ABOUT_RETURN_TYPE = YES_ERROR;
				GCC_WARN_UNDECLARED_SELECTOR = YES;
				GCC_WARN_UNINITIALIZED_AUTOS = YES_AGGRESSIVE;
				GCC_WARN_UNUSED_FUNCTION = YES;
				GCC_WARN_UNUSED_VARIABLE = YES;
				IPHONEOS_DEPLOYMENT_TARGET = 9.3;
				MTL_ENABLE_DEBUG_INFO = NO;
				SDKROOT = iphoneos;
				TARGETED_DEVICE_FAMILY = "1,2";
				VALIDATE_PRODUCT = YES;
			};
			name = Release;
		};
		9D027F9E1D2F095E0032748B /* Debug */ = {
			isa = XCBuildConfiguration;
			baseConfigurationReference = AD6F0464CC7BDFBC6F4F9D06 /* Pods-FindFans.debug.xcconfig */;
			buildSettings = {
				ASSETCATALOG_COMPILER_APPICON_NAME = AppIcon;
				INFOPLIST_FILE = FindFans/Info.plist;
				LD_RUNPATH_SEARCH_PATHS = "$(inherited) @executable_path/Frameworks";
				PRODUCT_BUNDLE_IDENTIFIER = MakeSchool.FindFans;
				PRODUCT_NAME = "$(TARGET_NAME)";
			};
			name = Debug;
		};
		9D027F9F1D2F095E0032748B /* Release */ = {
			isa = XCBuildConfiguration;
			baseConfigurationReference = E1A5D37C5A1E43C36EE0B0D5 /* Pods-FindFans.release.xcconfig */;
			buildSettings = {
				ASSETCATALOG_COMPILER_APPICON_NAME = AppIcon;
				INFOPLIST_FILE = FindFans/Info.plist;
				LD_RUNPATH_SEARCH_PATHS = "$(inherited) @executable_path/Frameworks";
				PRODUCT_BUNDLE_IDENTIFIER = MakeSchool.FindFans;
				PRODUCT_NAME = "$(TARGET_NAME)";
			};
			name = Release;
		};
		9D027FA11D2F095E0032748B /* Debug */ = {
			isa = XCBuildConfiguration;
			baseConfigurationReference = 4CC82D6F8B7168E8F7560D1D /* Pods-FindFansTests.debug.xcconfig */;
			buildSettings = {
				BUNDLE_LOADER = "$(TEST_HOST)";
				INFOPLIST_FILE = FindFansTests/Info.plist;
				LD_RUNPATH_SEARCH_PATHS = "$(inherited) @executable_path/Frameworks @loader_path/Frameworks";
				PRODUCT_BUNDLE_IDENTIFIER = MakeSchool.FindFansTests;
				PRODUCT_NAME = "$(TARGET_NAME)";
				TEST_HOST = "$(BUILT_PRODUCTS_DIR)/FindFans.app/FindFans";
			};
			name = Debug;
		};
		9D027FA21D2F095E0032748B /* Release */ = {
			isa = XCBuildConfiguration;
			baseConfigurationReference = 3F01842EF358B0E725427585 /* Pods-FindFansTests.release.xcconfig */;
			buildSettings = {
				BUNDLE_LOADER = "$(TEST_HOST)";
				INFOPLIST_FILE = FindFansTests/Info.plist;
				LD_RUNPATH_SEARCH_PATHS = "$(inherited) @executable_path/Frameworks @loader_path/Frameworks";
				PRODUCT_BUNDLE_IDENTIFIER = MakeSchool.FindFansTests;
				PRODUCT_NAME = "$(TARGET_NAME)";
				TEST_HOST = "$(BUILT_PRODUCTS_DIR)/FindFans.app/FindFans";
			};
			name = Release;
		};
		9D027FA41D2F095E0032748B /* Debug */ = {
			isa = XCBuildConfiguration;
			baseConfigurationReference = 5975EC5A562D7B271CEDFC6E /* Pods-FindFansUITests.debug.xcconfig */;
			buildSettings = {
				INFOPLIST_FILE = FindFansUITests/Info.plist;
				LD_RUNPATH_SEARCH_PATHS = "$(inherited) @executable_path/Frameworks @loader_path/Frameworks";
				PRODUCT_BUNDLE_IDENTIFIER = MakeSchool.FindFansUITests;
				PRODUCT_NAME = "$(TARGET_NAME)";
				TEST_TARGET_NAME = FindFans;
			};
			name = Debug;
		};
		9D027FA51D2F095E0032748B /* Release */ = {
			isa = XCBuildConfiguration;
			baseConfigurationReference = 67EDD641D8875B1B404F3EAC /* Pods-FindFansUITests.release.xcconfig */;
			buildSettings = {
				INFOPLIST_FILE = FindFansUITests/Info.plist;
				LD_RUNPATH_SEARCH_PATHS = "$(inherited) @executable_path/Frameworks @loader_path/Frameworks";
				PRODUCT_BUNDLE_IDENTIFIER = MakeSchool.FindFansUITests;
				PRODUCT_NAME = "$(TARGET_NAME)";
				TEST_TARGET_NAME = FindFans;
			};
			name = Release;
		};
/* End XCBuildConfiguration section */

/* Begin XCConfigurationList section */
		9D027F701D2F095D0032748B /* Build configuration list for PBXProject "FindFans" */ = {
			isa = XCConfigurationList;
			buildConfigurations = (
				9D027F9B1D2F095E0032748B /* Debug */,
				9D027F9C1D2F095E0032748B /* Release */,
			);
			defaultConfigurationIsVisible = 0;
			defaultConfigurationName = Release;
		};
		9D027F9D1D2F095E0032748B /* Build configuration list for PBXNativeTarget "FindFans" */ = {
			isa = XCConfigurationList;
			buildConfigurations = (
				9D027F9E1D2F095E0032748B /* Debug */,
				9D027F9F1D2F095E0032748B /* Release */,
			);
			defaultConfigurationIsVisible = 0;
			defaultConfigurationName = Release;
		};
		9D027FA01D2F095E0032748B /* Build configuration list for PBXNativeTarget "FindFansTests" */ = {
			isa = XCConfigurationList;
			buildConfigurations = (
				9D027FA11D2F095E0032748B /* Debug */,
				9D027FA21D2F095E0032748B /* Release */,
			);
			defaultConfigurationIsVisible = 0;
			defaultConfigurationName = Release;
		};
		9D027FA31D2F095E0032748B /* Build configuration list for PBXNativeTarget "FindFansUITests" */ = {
			isa = XCConfigurationList;
			buildConfigurations = (
				9D027FA41D2F095E0032748B /* Debug */,
				9D027FA51D2F095E0032748B /* Release */,
			);
			defaultConfigurationIsVisible = 0;
			defaultConfigurationName = Release;
		};
/* End XCConfigurationList section */
	};
	rootObject = 9D027F6D1D2F095D0032748B /* Project object */;
}
